
Microsoft Visual Studio Solution File, Format Version 12.00
# Visual Studio 14
VisualStudioVersion = 14.0.25420.1
MinimumVisualStudioVersion = 10.0.40219.1
Project("{FAE04EC0-301F-11D3-BF4B-00C04F79EFBC}") = "InfiniteScrollApp1", "InfiniteScrollApp1\InfiniteScrollApp1.csproj", "{2DACC47B-4868-4B0B-A2D7-992133F407C3}"
EndProject
Global
	GlobalSection(SolutionConfigurationPlatforms) = preSolution
		Debug|Any CPU = Debug|Any CPU
		Release|Any CPU = Release|Any CPU
	EndGlobalSection
	GlobalSection(ProjectConfigurationPlatforms) = postSolution
		{2DACC47B-4868-4B0B-A2D7-992133F407C3}.Debug|Any CPU.ActiveCfg = Debug|Any CPU
		{2DACC47B-4868-4B0B-A2D7-992133F407C3}.Debug|Any CPU.Build.0 = Debug|Any CPU
		{2DACC47B-4868-4B0B-A2D7-992133F407C3}.Release|Any CPU.ActiveCfg = Release|Any CPU
		{2DACC47B-4868-4B0B-A2D7-992133F407C3}.Release|Any CPU.Build.0 = Release|Any CPU
	EndGlobalSection
	GlobalSection(SolutionProperties) = preSolution
		HideSolutionNode = FALSE
	EndGlobalSection
EndGlobal
